// !$*UTF8*$!
{
	archiveVersion = 1;
	classes = {
	};
	objectVersion = 60;
	objects = {

/* Begin PBXContainerItemProxy section */
		529CC18C2C493C8300168F94 /* PBXContainerItemProxy */ = {
			isa = PBXContainerItemProxy;
			containerPortal = 529CC1732C493C8200168F94 /* Project object */;
			proxyType = 1;
			remoteGlobalIDString = 529CC17A2C493C8200168F94;
			remoteInfo = MasteringPhotoPickerInSwiftUI;
		};
		529CC1962C493C8300168F94 /* PBXContainerItemProxy */ = {
			isa = PBXContainerItemProxy;
			containerPortal = 529CC1732C493C8200168F94 /* Project object */;
			proxyType = 1;
			remoteGlobalIDString = 529CC17A2C493C8200168F94;
			remoteInfo = MasteringPhotoPickerInSwiftUI;
		};
/* End PBXContainerItemProxy section */

/* Begin PBXFileReference section */
		529CC17B2C493C8200168F94 /* MasteringPhotoPickerInSwiftUI.app */ = {isa = PBXFileReference; explicitFileType = wrapper.application; includeInIndex = 0; path = MasteringPhotoPickerInSwiftUI.app; sourceTree = BUILT_PRODUCTS_DIR; };
		529CC18B2C493C8300168F94 /* MasteringPhotoPickerInSwiftUITests.xctest */ = {isa = PBXFileReference; explicitFileType = wrapper.cfbundle; includeInIndex = 0; path = MasteringPhotoPickerInSwiftUITests.xctest; sourceTree = BUILT_PRODUCTS_DIR; };
		529CC1952C493C8300168F94 /* MasteringPhotoPickerInSwiftUIUITests.xctest */ = {isa = PBXFileReference; explicitFileType = wrapper.cfbundle; includeInIndex = 0; path = MasteringPhotoPickerInSwiftUIUITests.xctest; sourceTree = BUILT_PRODUCTS_DIR; };
/* End PBXFileReference section */

/* Begin PBXFileSystemSynchronizedRootGroup section */
		529CC17D2C493C8200168F94 /* MasteringPhotoPickerInSwiftUI */ = {isa = PBXFileSystemSynchronizedRootGroup; explicitFileTypes = {}; explicitFolders = (); path = MasteringPhotoPickerInSwiftUI; sourceTree = "<group>"; };
		529CC18E2C493C8300168F94 /* MasteringPhotoPickerInSwiftUITests */ = {isa = PBXFileSystemSynchronizedRootGroup; explicitFileTypes = {}; explicitFolders = (); path = MasteringPhotoPickerInSwiftUITests; sourceTree = "<group>"; };
		529CC1982C493C8300168F94 /* MasteringPhotoPickerInSwiftUIUITests */ = {isa = PBXFileSystemSynchronizedRootGroup; explicitFileTypes = {}; explicitFolders = (); path = MasteringPhotoPickerInSwiftUIUITests; sourceTree = "<group>"; };
/* End PBXFileSystemSynchronizedRootGroup section */

/* Begin PBXFrameworksBuildPhase section */
		529CC1782C493C8200168F94 /* Frameworks */ = {
			isa = PBXFrameworksBuildPhase;
			buildActionMask = 2147483647;
			files = (
			);
			runOnlyForDeploymentPostprocessing = 0;
		};
		529CC1882C493C8300168F94 /* Frameworks */ = {
			isa = PBXFrameworksBuildPhase;
			buildActionMask = 2147483647;
			files = (
			);
			runOnlyForDeploymentPostprocessing = 0;
		};
		529CC1922C493C8300168F94 /* Frameworks */ = {
			isa = PBXFrameworksBuildPhase;
			buildActionMask = 2147483647;
			files = (
			);
			runOnlyForDeploymentPostprocessing = 0;
		};
/* End PBXFrameworksBuildPhase section */

/* Begin PBXGroup section */
		529CC1722C493C8200168F94 = {
			isa = PBXGroup;
			children = (
				529CC17D2C493C8200168F94 /* MasteringPhotoPickerInSwiftUI */,
				529CC18E2C493C8300168F94 /* MasteringPhotoPickerInSwiftUITests */,
				529CC1982C493C8300168F94 /* MasteringPhotoPickerInSwiftUIUITests */,
				529CC17C2C493C8200168F94 /* Products */,
			);
			sourceTree = "<group>";
		};
		529CC17C2C493C8200168F94 /* Products */ = {
			isa = PBXGroup;
			children = (
				529CC17B2C493C8200168F94 /* MasteringPhotoPickerInSwiftUI.app */,
				529CC18B2C493C8300168F94 /* MasteringPhotoPickerInSwiftUITests.xctest */,
				529CC1952C493C8300168F94 /* MasteringPhotoPickerInSwiftUIUITests.xctest */,
			);
			name = Products;
			sourceTree = "<group>";
		};
/* End PBXGroup section */

/* Begin PBXNativeTarget section */
		529CC17A2C493C8200168F94 /* MasteringPhotoPickerInSwiftUI */ = {
			isa = PBXNativeTarget;
			buildConfigurationList = 529CC19F2C493C8300168F94 /* Build configuration list for PBXNativeTarget "MasteringPhotoPickerInSwiftUI" */;
			buildPhases = (
				529CC1772C493C8200168F94 /* Sources */,
				529CC1782C493C8200168F94 /* Frameworks */,
				529CC1792C493C8200168F94 /* Resources */,
			);
			buildRules = (
			);
			dependencies = (
			);
			fileSystemSynchronizedGroups = (
				529CC17D2C493C8200168F94 /* MasteringPhotoPickerInSwiftUI */,
			);
			name = MasteringPhotoPickerInSwiftUI;
			packageProductDependencies = (
			);
			productName = MasteringPhotoPickerInSwiftUI;
			productReference = 529CC17B2C493C8200168F94 /* MasteringPhotoPickerInSwiftUI.app */;
			productType = "com.apple.product-type.application";
		};
		529CC18A2C493C8300168F94 /* MasteringPhotoPickerInSwiftUITests */ = {
			isa = PBXNativeTarget;
			buildConfigurationList = 529CC1A22C493C8300168F94 /* Build configuration list for PBXNativeTarget "MasteringPhotoPickerInSwiftUITests" */;
			buildPhases = (
				529CC1872C493C8300168F94 /* Sources */,
				529CC1882C493C8300168F94 /* Frameworks */,
				529CC1892C493C8300168F94 /* Resources */,
			);
			buildRules = (
			);
			dependencies = (
				529CC18D2C493C8300168F94 /* PBXTargetDependency */,
			);
			fileSystemSynchronizedGroups = (
				529CC18E2C493C8300168F94 /* MasteringPhotoPickerInSwiftUITests */,
			);
			name = MasteringPhotoPickerInSwiftUITests;
			packageProductDependencies = (
			);
			productName = MasteringPhotoPickerInSwiftUITests;
			productReference = 529CC18B2C493C8300168F94 /* MasteringPhotoPickerInSwiftUITests.xctest */;
			productType = "com.apple.product-type.bundle.unit-test";
		};
		529CC1942C493C8300168F94 /* MasteringPhotoPickerInSwiftUIUITests */ = {
			isa = PBXNativeTarget;
			buildConfigurationList = 529CC1A52C493C8300168F94 /* Build configuration list for PBXNativeTarget "MasteringPhotoPickerInSwiftUIUITests" */;
			buildPhases = (
				529CC1912C493C8300168F94 /* Sources */,
				529CC1922C493C8300168F94 /* Frameworks */,
				529CC1932C493C8300168F94 /* Resources */,
			);
			buildRules = (
			);
			dependencies = (
				529CC1972C493C8300168F94 /* PBXTargetDependency */,
			);
			fileSystemSynchronizedGroups = (
				529CC1982C493C8300168F94 /* MasteringPhotoPickerInSwiftUIUITests */,
			);
			name = MasteringPhotoPickerInSwiftUIUITests;
			packageProductDependencies = (
			);
			productName = MasteringPhotoPickerInSwiftUIUITests;
			productReference = 529CC1952C493C8300168F94 /* MasteringPhotoPickerInSwiftUIUITests.xctest */;
			productType = "com.apple.product-type.bundle.ui-testing";
		};
/* End PBXNativeTarget section */

/* Begin PBXProject section */
		529CC1732C493C8200168F94 /* Project object */ = {
			isa = PBXProject;
			attributes = {
				BuildIndependentTargetsInParallel = 1;
				LastSwiftUpdateCheck = 1600;
				LastUpgradeCheck = 1600;
				TargetAttributes = {
					529CC17A2C493C8200168F94 = {
						CreatedOnToolsVersion = 16.0;
					};
					529CC18A2C493C8300168F94 = {
						CreatedOnToolsVersion = 16.0;
						TestTargetID = 529CC17A2C493C8200168F94;
					};
					529CC1942C493C8300168F94 = {
						CreatedOnToolsVersion = 16.0;
						TestTargetID = 529CC17A2C493C8200168F94;
					};
				};
			};
			buildConfigurationList = 529CC1762C493C8200168F94 /* Build configuration list for PBXProject "MasteringPhotoPickerInSwiftUI" */;
			compatibilityVersion = "Xcode 15.0";
			developmentRegion = en;
			hasScannedForEncodings = 0;
			knownRegions = (
				en,
				Base,
			);
			mainGroup = 529CC1722C493C8200168F94;
			productRefGroup = 529CC17C2C493C8200168F94 /* Products */;
			projectDirPath = "";
			projectRoot = "";
			targets = (
				529CC17A2C493C8200168F94 /* MasteringPhotoPickerInSwiftUI */,
				529CC18A2C493C8300168F94 /* MasteringPhotoPickerInSwiftUITests */,
				529CC1942C493C8300168F94 /* MasteringPhotoPickerInSwiftUIUITests */,
			);
		};
/* End PBXProject section */

/* Begin PBXResourcesBuildPhase section */
		529CC1792C493C8200168F94 /* Resources */ = {
			isa = PBXResourcesBuildPhase;
			buildActionMask = 2147483647;
			files = (
			);
			runOnlyForDeploymentPostprocessing = 0;
		};
		529CC1892C493C8300168F94 /* Resources */ = {
			isa = PBXResourcesBuildPhase;
			buildActionMask = 2147483647;
			files = (
			);
			runOnlyForDeploymentPostprocessing = 0;
		};
		529CC1932C493C8300168F94 /* Resources */ = {
			isa = PBXResourcesBuildPhase;
			buildActionMask = 2147483647;
			files = (
			);
			runOnlyForDeploymentPostprocessing = 0;
		};
/* End PBXResourcesBuildPhase section */

/* Begin PBXSourcesBuildPhase section */
		529CC1772C493C8200168F94 /* Sources */ = {
			isa = PBXSourcesBuildPhase;
			buildActionMask = 2147483647;
			files = (
			);
			runOnlyForDeploymentPostprocessing = 0;
		};
		529CC1872C493C8300168F94 /* Sources */ = {
			isa = PBXSourcesBuildPhase;
			buildActionMask = 2147483647;
			files = (
			);
			runOnlyForDeploymentPostprocessing = 0;
		};
		529CC1912C493C8300168F94 /* Sources */ = {
			isa = PBXSourcesBuildPhase;
			buildActionMask = 2147483647;
			files = (
			);
			runOnlyForDeploymentPostprocessing = 0;
		};
/* End PBXSourcesBuildPhase section */

/* Begin PBXTargetDependency section */
		529CC18D2C493C8300168F94 /* PBXTargetDependency */ = {
			isa = PBXTargetDependency;
			target = 529CC17A2C493C8200168F94 /* MasteringPhotoPickerInSwiftUI */;
			targetProxy = 529CC18C2C493C8300168F94 /* PBXContainerItemProxy */;
		};
		529CC1972C493C8300168F94 /* PBXTargetDependency */ = {
			isa = PBXTargetDependency;
			target = 529CC17A2C493C8200168F94 /* MasteringPhotoPickerInSwiftUI */;
			targetProxy = 529CC1962C493C8300168F94 /* PBXContainerItemProxy */;
		};
/* End PBXTargetDependency section */

/* Begin XCBuildConfiguration section */
		529CC19D2C493C8300168F94 /* Debug */ = {
			isa = XCBuildConfiguration;
			buildSettings = {
				ALWAYS_SEARCH_USER_PATHS = NO;
				ASSETCATALOG_COMPILER_GENERATE_SWIFT_ASSET_SYMBOL_EXTENSIONS = YES;
				CLANG_ANALYZER_NONNULL = YES;
				CLANG_ANALYZER_NUMBER_OBJECT_CONVERSION = YES_AGGRESSIVE;
				CLANG_CXX_LANGUAGE_STANDARD = "gnu++20";
				CLANG_ENABLE_MODULES = YES;
				CLANG_ENABLE_OBJC_ARC = YES;
				CLANG_ENABLE_OBJC_WEAK = YES;
				CLANG_WARN_BLOCK_CAPTURE_AUTORELEASING = YES;
				CLANG_WARN_BOOL_CONVERSION = YES;
				CLANG_WARN_COMMA = YES;
				CLANG_WARN_CONSTANT_CONVERSION = YES;
				CLANG_WARN_DEPRECATED_OBJC_IMPLEMENTATIONS = YES;
				CLANG_WARN_DIRECT_OBJC_ISA_USAGE = YES_ERROR;
				CLANG_WARN_DOCUMENTATION_COMMENTS = YES;
				CLANG_WARN_EMPTY_BODY = YES;
				CLANG_WARN_ENUM_CONVERSION = YES;
				CLANG_WARN_INFINITE_RECURSION = YES;
				CLANG_WARN_INT_CONVERSION = YES;
				CLANG_WARN_NON_LITERAL_NULL_CONVERSION = YES;
				CLANG_WARN_OBJC_IMPLICIT_RETAIN_SELF = YES;
				CLANG_WARN_OBJC_LITERAL_CONVERSION = YES;
				CLANG_WARN_OBJC_ROOT_CLASS = YES_ERROR;
				CLANG_WARN_QUOTED_INCLUDE_IN_FRAMEWORK_HEADER = YES;
				CLANG_WARN_RANGE_LOOP_ANALYSIS = YES;
				CLANG_WARN_STRICT_PROTOTYPES = YES;
				CLANG_WARN_SUSPICIOUS_MOVE = YES;
				CLANG_WARN_UNGUARDED_AVAILABILITY = YES_AGGRESSIVE;
				CLANG_WARN_UNREACHABLE_CODE = YES;
				CLANG_WARN__DUPLICATE_METHOD_MATCH = YES;
				COPY_PHASE_STRIP = NO;
				DEBUG_INFORMATION_FORMAT = dwarf;
				ENABLE_STRICT_OBJC_MSGSEND = YES;
				ENABLE_TESTABILITY = YES;
				ENABLE_USER_SCRIPT_SANDBOXING = YES;
				GCC_C_LANGUAGE_STANDARD = gnu17;
				GCC_DYNAMIC_NO_PIC = NO;
				GCC_NO_COMMON_BLOCKS = YES;
				GCC_OPTIMIZATION_LEVEL = 0;
				GCC_PREPROCESSOR_DEFINITIONS = (
					"DEBUG=1",
					"$(inherited)",
				);
				GCC_WARN_64_TO_32_BIT_CONVERSION = YES;
				GCC_WARN_ABOUT_RETURN_TYPE = YES_ERROR;
				GCC_WARN_UNDECLARED_SELECTOR = YES;
				GCC_WARN_UNINITIALIZED_AUTOS = YES_AGGRESSIVE;
				GCC_WARN_UNUSED_FUNCTION = YES;
				GCC_WARN_UNUSED_VARIABLE = YES;
				IPHONEOS_DEPLOYMENT_TARGET = 18.0;
				LOCALIZATION_PREFERS_STRING_CATALOGS = YES;
				MTL_ENABLE_DEBUG_INFO = INCLUDE_SOURCE;
				MTL_FAST_MATH = YES;
				ONLY_ACTIVE_ARCH = YES;
				SDKROOT = iphoneos;
				SWIFT_ACTIVE_COMPILATION_CONDITIONS = "DEBUG $(inherited)";
				SWIFT_OPTIMIZATION_LEVEL = "-Onone";
			};
			name = Debug;
		};
		529CC19E2C493C8300168F94 /* Release */ = {
			isa = XCBuildConfiguration;
			buildSettings = {
				ALWAYS_SEARCH_USER_PATHS = NO;
				ASSETCATALOG_COMPILER_GENERATE_SWIFT_ASSET_SYMBOL_EXTENSIONS = YES;
				CLANG_ANALYZER_NONNULL = YES;
				CLANG_ANALYZER_NUMBER_OBJECT_CONVERSION = YES_AGGRESSIVE;
				CLANG_CXX_LANGUAGE_STANDARD = "gnu++20";
				CLANG_ENABLE_MODULES = YES;
				CLANG_ENABLE_OBJC_ARC = YES;
				CLANG_ENABLE_OBJC_WEAK = YES;
				CLANG_WARN_BLOCK_CAPTURE_AUTORELEASING = YES;
				CLANG_WARN_BOOL_CONVERSION = YES;
				CLANG_WARN_COMMA = YES;
				CLANG_WARN_CONSTANT_CONVERSION = YES;
				CLANG_WARN_DEPRECATED_OBJC_IMPLEMENTATIONS = YES;
				CLANG_WARN_DIRECT_OBJC_ISA_USAGE = YES_ERROR;
				CLANG_WARN_DOCUMENTATION_COMMENTS = YES;
				CLANG_WARN_EMPTY_BODY = YES;
				CLANG_WARN_ENUM_CONVERSION = YES;
				CLANG_WARN_INFINITE_RECURSION = YES;
				CLANG_WARN_INT_CONVERSION = YES;
				CLANG_WARN_NON_LITERAL_NULL_CONVERSION = YES;
				CLANG_WARN_OBJC_IMPLICIT_RETAIN_SELF = YES;
				CLANG_WARN_OBJC_LITERAL_CONVERSION = YES;
				CLANG_WARN_OBJC_ROOT_CLASS = YES_ERROR;
				CLANG_WARN_QUOTED_INCLUDE_IN_FRAMEWORK_HEADER = YES;
				CLANG_WARN_RANGE_LOOP_ANALYSIS = YES;
				CLANG_WARN_STRICT_PROTOTYPES = YES;
				CLANG_WARN_SUSPICIOUS_MOVE = YES;
				CLANG_WARN_UNGUARDED_AVAILABILITY = YES_AGGRESSIVE;
				CLANG_WARN_UNREACHABLE_CODE = YES;
				CLANG_WARN__DUPLICATE_METHOD_MATCH = YES;
				COPY_PHASE_STRIP = NO;
				DEBUG_INFORMATION_FORMAT = "dwarf-with-dsym";
				ENABLE_NS_ASSERTIONS = NO;
				ENABLE_STRICT_OBJC_MSGSEND = YES;
				ENABLE_USER_SCRIPT_SANDBOXING = YES;
				GCC_C_LANGUAGE_STANDARD = gnu17;
				GCC_NO_COMMON_BLOCKS = YES;
				GCC_WARN_64_TO_32_BIT_CONVERSION = YES;
				GCC_WARN_ABOUT_RETURN_TYPE = YES_ERROR;
				GCC_WARN_UNDECLARED_SELECTOR = YES;
				GCC_WARN_UNINITIALIZED_AUTOS = YES_AGGRESSIVE;
				GCC_WARN_UNUSED_FUNCTION = YES;
				GCC_WARN_UNUSED_VARIABLE = YES;
				IPHONEOS_DEPLOYMENT_TARGET = 18.0;
				LOCALIZATION_PREFERS_STRING_CATALOGS = YES;
				MTL_ENABLE_DEBUG_INFO = NO;
				MTL_FAST_MATH = YES;
				SDKROOT = iphoneos;
				SWIFT_COMPILATION_MODE = wholemodule;
				VALIDATE_PRODUCT = YES;
			};
			name = Release;
		};
		529CC1A02C493C8300168F94 /* Debug */ = {
			isa = XCBuildConfiguration;
			buildSettings = {
				ASSETCATALOG_COMPILER_APPICON_NAME = AppIcon;
				ASSETCATALOG_COMPILER_GLOBAL_ACCENT_COLOR_NAME = AccentColor;
				CODE_SIGN_STYLE = Automatic;
				CURRENT_PROJECT_VERSION = 1;
				DEVELOPMENT_ASSET_PATHS = "\"MasteringPhotoPickerInSwiftUI/Preview Content\"";
				ENABLE_PREVIEWS = YES;
				GENERATE_INFOPLIST_FILE = YES;
				INFOPLIST_KEY_UIApplicationSceneManifest_Generation = YES;
				INFOPLIST_KEY_UIApplicationSupportsIndirectInputEvents = YES;
				INFOPLIST_KEY_UILaunchScreen_Generation = YES;
				INFOPLIST_KEY_UISupportedInterfaceOrientations_iPad = "UIInterfaceOrientationPortrait UIInterfaceOrientationPortraitUpsideDown UIInterfaceOrientationLandscapeLeft UIInterfaceOrientationLandscapeRight";
				INFOPLIST_KEY_UISupportedInterfaceOrientations_iPhone = "UIInterfaceOrientationPortrait UIInterfaceOrientationLandscapeLeft UIInterfaceOrientationLandscapeRight";
				LD_RUNPATH_SEARCH_PATHS = (
					"$(inherited)",
					"@executable_path/Frameworks",
				);
				MARKETING_VERSION = 1.0;
				PRODUCT_BUNDLE_IDENTIFIER = com.ri.MasteringPhotoPickerInSwiftUI;
				PRODUCT_NAME = "$(TARGET_NAME)";
				SWIFT_EMIT_LOC_STRINGS = YES;
				SWIFT_VERSION = 5.0;
				TARGETED_DEVICE_FAMILY = "1,2";
			};
			name = Debug;
		};
		529CC1A12C493C8300168F94 /* Release */ = {
			isa = XCBuildConfiguration;
			buildSettings = {
				ASSETCATALOG_COMPILER_APPICON_NAME = AppIcon;
				ASSETCATALOG_COMPILER_GLOBAL_ACCENT_COLOR_NAME = AccentColor;
				CODE_SIGN_STYLE = Automatic;
				CURRENT_PROJECT_VERSION = 1;
				DEVELOPMENT_ASSET_PATHS = "\"MasteringPhotoPickerInSwiftUI/Preview Content\"";
				ENABLE_PREVIEWS = YES;
				GENERATE_INFOPLIST_FILE = YES;
				INFOPLIST_KEY_UIApplicationSceneManifest_Generation = YES;
				INFOPLIST_KEY_UIApplicationSupportsIndirectInputEvents = YES;
				INFOPLIST_KEY_UILaunchScreen_Generation = YES;
				INFOPLIST_KEY_UISupportedInterfaceOrientations_iPad = "UIInterfaceOrientationPortrait UIInterfaceOrientationPortraitUpsideDown UIInterfaceOrientationLandscapeLeft UIInterfaceOrientationLandscapeRight";
				INFOPLIST_KEY_UISupportedInterfaceOrientations_iPhone = "UIInterfaceOrientationPortrait UIInterfaceOrientationLandscapeLeft UIInterfaceOrientationLandscapeRight";
				LD_RUNPATH_SEARCH_PATHS = (
					"$(inherited)",
					"@executable_path/Frameworks",
				);
				MARKETING_VERSION = 1.0;
				PRODUCT_BUNDLE_IDENTIFIER = com.ri.MasteringPhotoPickerInSwiftUI;
				PRODUCT_NAME = "$(TARGET_NAME)";
				SWIFT_EMIT_LOC_STRINGS = YES;
				SWIFT_VERSION = 5.0;
				TARGETED_DEVICE_FAMILY = "1,2";
			};
			name = Release;
		};
		529CC1A32C493C8300168F94 /* Debug */ = {
			isa = XCBuildConfiguration;
			buildSettings = {
				BUNDLE_LOADER = "$(TEST_HOST)";
				CODE_SIGN_STYLE = Automatic;
				CURRENT_PROJECT_VERSION = 1;
				GENERATE_INFOPLIST_FILE = YES;
				IPHONEOS_DEPLOYMENT_TARGET = 18.0;
				MARKETING_VERSION = 1.0;
				PRODUCT_BUNDLE_IDENTIFIER = com.ri.MasteringPhotoPickerInSwiftUITests;
				PRODUCT_NAME = "$(TARGET_NAME)";
				SWIFT_EMIT_LOC_STRINGS = NO;
				SWIFT_VERSION = 5.0;
				TARGETED_DEVICE_FAMILY = "1,2";
				TEST_HOST = "$(BUILT_PRODUCTS_DIR)/MasteringPhotoPickerInSwiftUI.app/$(BUNDLE_EXECUTABLE_FOLDER_PATH)/MasteringPhotoPickerInSwiftUI";
			};
			name = Debug;
		};
		529CC1A42C493C8300168F94 /* Release */ = {
			isa = XCBuildConfiguration;
			buildSettings = {
				BUNDLE_LOADER = "$(TEST_HOST)";
				CODE_SIGN_STYLE = Automatic;
				CURRENT_PROJECT_VERSION = 1;
				GENERATE_INFOPLIST_FILE = YES;
				IPHONEOS_DEPLOYMENT_TARGET = 18.0;
				MARKETING_VERSION = 1.0;
				PRODUCT_BUNDLE_IDENTIFIER = com.ri.MasteringPhotoPickerInSwiftUITests;
				PRODUCT_NAME = "$(TARGET_NAME)";
				SWIFT_EMIT_LOC_STRINGS = NO;
				SWIFT_VERSION = 5.0;
				TARGETED_DEVICE_FAMILY = "1,2";
				TEST_HOST = "$(BUILT_PRODUCTS_DIR)/MasteringPhotoPickerInSwiftUI.app/$(BUNDLE_EXECUTABLE_FOLDER_PATH)/MasteringPhotoPickerInSwiftUI";
			};
			name = Release;
		};
		529CC1A62C493C8300168F94 /* Debug */ = {
			isa = XCBuildConfiguration;
			buildSettings = {
				CODE_SIGN_STYLE = Automatic;
				CURRENT_PROJECT_VERSION = 1;
				GENERATE_INFOPLIST_FILE = YES;
				MARKETING_VERSION = 1.0;
				PRODUCT_BUNDLE_IDENTIFIER = com.ri.MasteringPhotoPickerInSwiftUIUITests;
				PRODUCT_NAME = "$(TARGET_NAME)";
				SWIFT_EMIT_LOC_STRINGS = NO;
				SWIFT_VERSION = 5.0;
				TARGETED_DEVICE_FAMILY = "1,2";
				TEST_TARGET_NAME = MasteringPhotoPickerInSwiftUI;
			};
			name = Debug;
		};
		529CC1A72C493C8300168F94 /* Release */ = {
			isa = XCBuildConfiguration;
			buildSettings = {
				CODE_SIGN_STYLE = Automatic;
				CURRENT_PROJECT_VERSION = 1;
				GENERATE_INFOPLIST_FILE = YES;
				MARKETING_VERSION = 1.0;
				PRODUCT_BUNDLE_IDENTIFIER = com.ri.MasteringPhotoPickerInSwiftUIUITests;
				PRODUCT_NAME = "$(TARGET_NAME)";
				SWIFT_EMIT_LOC_STRINGS = NO;
				SWIFT_VERSION = 5.0;
				TARGETED_DEVICE_FAMILY = "1,2";
				TEST_TARGET_NAME = MasteringPhotoPickerInSwiftUI;
			};
			name = Release;
		};
/* End XCBuildConfiguration section */

/* Begin XCConfigurationList section */
		529CC1762C493C8200168F94 /* Build configuration list for PBXProject "MasteringPhotoPickerInSwiftUI" */ = {
			isa = XCConfigurationList;
			buildConfigurations = (
				529CC19D2C493C8300168F94 /* Debug */,
				529CC19E2C493C8300168F94 /* Release */,
			);
			defaultConfigurationIsVisible = 0;
			defaultConfigurationName = Release;
		};
		529CC19F2C493C8300168F94 /* Build configuration list for PBXNativeTarget "MasteringPhotoPickerInSwiftUI" */ = {
			isa = XCConfigurationList;
			buildConfigurations = (
				529CC1A02C493C8300168F94 /* Debug */,
				529CC1A12C493C8300168F94 /* Release */,
			);
			defaultConfigurationIsVisible = 0;
			defaultConfigurationName = Release;
		};
		529CC1A22C493C8300168F94 /* Build configuration list for PBXNativeTarget "MasteringPhotoPickerInSwiftUITests" */ = {
			isa = XCConfigurationList;
			buildConfigurations = (
				529CC1A32C493C8300168F94 /* Debug */,
				529CC1A42C493C8300168F94 /* Release */,
			);
			defaultConfigurationIsVisible = 0;
			defaultConfigurationName = Release;
		};
		529CC1A52C493C8300168F94 /* Build configuration list for PBXNativeTarget "MasteringPhotoPickerInSwiftUIUITests" */ = {
			isa = XCConfigurationList;
			buildConfigurations = (
				529CC1A62C493C8300168F94 /* Debug */,
				529CC1A72C493C8300168F94 /* Release */,
			);
			defaultConfigurationIsVisible = 0;
			defaultConfigurationName = Release;
		};
/* End XCConfigurationList section */
	};
	rootObject = 529CC1732C493C8200168F94 /* Project object */;
}
